// !$*UTF8*$!
{
	archiveVersion = 1;
	classes = {
	};
	objectVersion = 46;
	objects = {

/* Begin PBXBuildFile section */
		A0ADADA61DA7639A0050315B /* AppDelegate.swift in Sources */ = {isa = PBXBuildFile; fileRef = A0ADADA51DA7639A0050315B /* AppDelegate.swift */; };
		A0ADADA81DA7639A0050315B /* ViewController.swift in Sources */ = {isa = PBXBuildFile; fileRef = A0ADADA71DA7639A0050315B /* ViewController.swift */; };
		A0ADADAB1DA7639A0050315B /* Main.storyboard in Resources */ = {isa = PBXBuildFile; fileRef = A0ADADA91DA7639A0050315B /* Main.storyboard */; };
		A0ADADAD1DA7639A0050315B /* Assets.xcassets in Resources */ = {isa = PBXBuildFile; fileRef = A0ADADAC1DA7639A0050315B /* Assets.xcassets */; };
		A0ADADB01DA7639A0050315B /* LaunchScreen.storyboard in Resources */ = {isa = PBXBuildFile; fileRef = A0ADADAE1DA7639A0050315B /* LaunchScreen.storyboard */; };
/* End PBXBuildFile section */

/* Begin PBXFileReference section */
		A0ADADA21DA7639A0050315B /* shiftView.app */ = {isa = PBXFileReference; explicitFileType = wrapper.application; includeInIndex = 0; path = shiftView.app; sourceTree = BUILT_PRODUCTS_DIR; };
		A0ADADA51DA7639A0050315B /* AppDelegate.swift */ = {isa = PBXFileReference; lastKnownFileType = sourcecode.swift; path = AppDelegate.swift; sourceTree = "<group>"; };
		A0ADADA71DA7639A0050315B /* ViewController.swift */ = {isa = PBXFileReference; lastKnownFileType = sourcecode.swift; path = ViewController.swift; sourceTree = "<group>"; };
		A0ADADAA1DA7639A0050315B /* Base */ = {isa = PBXFileReference; lastKnownFileType = file.storyboard; name = Base; path = Base.lproj/Main.storyboard; sourceTree = "<group>"; };
		A0ADADAC1DA7639A0050315B /* Assets.xcassets */ = {isa = PBXFileReference; lastKnownFileType = folder.assetcatalog; path = Assets.xcassets; sourceTree = "<group>"; };
		A0ADADAF1DA7639A0050315B /* Base */ = {isa = PBXFileReference; lastKnownFileType = file.storyboard; name = Base; path = Base.lproj/LaunchScreen.storyboard; sourceTree = "<group>"; };
		A0ADADB11DA7639A0050315B /* Info.plist */ = {isa = PBXFileReference; lastKnownFileType = text.plist.xml; path = Info.plist; sourceTree = "<group>"; };
/* End PBXFileReference section */

/* Begin PBXFrameworksBuildPhase section */
		A0ADAD9F1DA7639A0050315B /* Frameworks */ = {
			isa = PBXFrameworksBuildPhase;
			buildActionMask = 2147483647;
			files = (
			);
			runOnlyForDeploymentPostprocessing = 0;
		};
/* End PBXFrameworksBuildPhase section */

/* Begin PBXGroup section */
		A0ADAD991DA7639A0050315B = {
			isa = PBXGroup;
			children = (
				A0ADADA41DA7639A0050315B /* shiftView */,
				A0ADADA31DA7639A0050315B /* Products */,
			);
			sourceTree = "<group>";
		};
		A0ADADA31DA7639A0050315B /* Products */ = {
			isa = PBXGroup;
			children = (
				A0ADADA21DA7639A0050315B /* shiftView.app */,
			);
			name = Products;
			sourceTree = "<group>";
		};
		A0ADADA41DA7639A0050315B /* shiftView */ = {
			isa = PBXGroup;
			children = (
				A0ADADA51DA7639A0050315B /* AppDelegate.swift */,
				A0ADADA71DA7639A0050315B /* ViewController.swift */,
				A0ADADA91DA7639A0050315B /* Main.storyboard */,
				A0ADADAC1DA7639A0050315B /* Assets.xcassets */,
				A0ADADAE1DA7639A0050315B /* LaunchScreen.storyboard */,
				A0ADADB11DA7639A0050315B /* Info.plist */,
			);
			path = shiftView;
			sourceTree = "<group>";
		};
/* End PBXGroup section */

/* Begin PBXNativeTarget section */
		A0ADADA11DA7639A0050315B /* shiftView */ = {
			isa = PBXNativeTarget;
			buildConfigurationList = A0ADADB41DA7639A0050315B /* Build configuration list for PBXNativeTarget "shiftView" */;
			buildPhases = (
				A0ADAD9E1DA7639A0050315B /* Sources */,
				A0ADAD9F1DA7639A0050315B /* Frameworks */,
				A0ADADA01DA7639A0050315B /* Resources */,
			);
			buildRules = (
			);
			dependencies = (
			);
			name = shiftView;
			productName = shiftView;
			productReference = A0ADADA21DA7639A0050315B /* shiftView.app */;
			productType = "com.apple.product-type.application";
		};
/* End PBXNativeTarget section */

/* Begin PBXProject section */
		A0ADAD9A1DA7639A0050315B /* Project object */ = {
			isa = PBXProject;
			attributes = {
				LastSwiftUpdateCheck = 0730;
				LastUpgradeCheck = 0730;
				ORGANIZATIONNAME = Nikki;
				TargetAttributes = {
					A0ADADA11DA7639A0050315B = {
						CreatedOnToolsVersion = 7.3.1;
					};
				};
			};
			buildConfigurationList = A0ADAD9D1DA7639A0050315B /* Build configuration list for PBXProject "shiftView" */;
			compatibilityVersion = "Xcode 3.2";
			developmentRegion = English;
			hasScannedForEncodings = 0;
			knownRegions = (
				en,
				Base,
			);
			mainGroup = A0ADAD991DA7639A0050315B;
			productRefGroup = A0ADADA31DA7639A0050315B /* Products */;
			projectDirPath = "";
			projectRoot = "";
			targets = (
				A0ADADA11DA7639A0050315B /* shiftView */,
			);
		};
/* End PBXProject section */

/* Begin PBXResourcesBuildPhase section */
		A0ADADA01DA7639A0050315B /* Resources */ = {
			isa = PBXResourcesBuildPhase;
			buildActionMask = 2147483647;
			files = (
				A0ADADB01DA7639A0050315B /* LaunchScreen.storyboard in Resources */,
				A0ADADAD1DA7639A0050315B /* Assets.xcassets in Resources */,
				A0ADADAB1DA7639A0050315B /* Main.storyboard in Resources */,
			);
			runOnlyForDeploymentPostprocessing = 0;
		};
/* End PBXResourcesBuildPhase section */

/* Begin PBXSourcesBuildPhase section */
		A0ADAD9E1DA7639A0050315B /* Sources */ = {
			isa = PBXSourcesBuildPhase;
			buildActionMask = 2147483647;
			files = (
				A0ADADA81DA7639A0050315B /* ViewController.swift in Sources */,
				A0ADADA61DA7639A0050315B /* AppDelegate.swift in Sources */,
			);
			runOnlyForDeploymentPostprocessing = 0;
		};
/* End PBXSourcesBuildPhase section */

/* Begin PBXVariantGroup section */
		A0ADADA91DA7639A0050315B /* Main.storyboard */ = {
			isa = PBXVariantGroup;
			children = (
				A0ADADAA1DA7639A0050315B /* Base */,
			);
			name = Main.storyboard;
			sourceTree = "<group>";
		};
		A0ADADAE1DA7639A0050315B /* LaunchScreen.storyboard */ = {
			isa = PBXVariantGroup;
			children = (
				A0ADADAF1DA7639A0050315B /* Base */,
			);
			name = LaunchScreen.storyboard;
			sourceTree = "<group>";
		};
/* End PBXVariantGroup section */

/* Begin XCBuildConfiguration section */
		A0ADADB21DA7639A0050315B /* Debug */ = {
			isa = XCBuildConfiguration;
			buildSettings = {
				ALWAYS_SEARCH_USER_PATHS = NO;
				CLANG_ANALYZER_NONNULL = YES;
				CLANG_CXX_LANGUAGE_STANDARD = "gnu++0x";
				CLANG_CXX_LIBRARY = "libc++";
				CLANG_ENABLE_MODULES = YES;
				CLANG_ENABLE_OBJC_ARC = YES;
				CLANG_WARN_BOOL_CONVERSION = YES;
				CLANG_WARN_CONSTANT_CONVERSION = YES;
				CLANG_WARN_DIRECT_OBJC_ISA_USAGE = YES_ERROR;
				CLANG_WARN_EMPTY_BODY = YES;
				CLANG_WARN_ENUM_CONVERSION = YES;
				CLANG_WARN_INT_CONVERSION = YES;
				CLANG_WARN_OBJC_ROOT_CLASS = YES_ERROR;
				CLANG_WARN_UNREACHABLE_CODE = YES;
				CLANG_WARN__DUPLICATE_METHOD_MATCH = YES;
				"CODE_SIGN_IDENTITY[sdk=iphoneos*]" = "iPhone Developer";
				COPY_PHASE_STRIP = NO;
				DEBUG_INFORMATION_FORMAT = dwarf;
				ENABLE_STRICT_OBJC_MSGSEND = YES;
				ENABLE_TESTABILITY = YES;
				GCC_C_LANGUAGE_STANDARD = gnu99;
				GCC_DYNAMIC_NO_PIC = NO;
				GCC_NO_COMMON_BLOCKS = YES;
				GCC_OPTIMIZATION_LEVEL = 0;
				GCC_PREPROCESSOR_DEFINITIONS = (
					"DEBUG=1",
					"$(inherited)",
				);
				GCC_WARN_64_TO_32_BIT_CONVERSION = YES;
				GCC_WARN_ABOUT_RETURN_TYPE = YES_ERROR;
				GCC_WARN_UNDECLARED_SELECTOR = YES;
				GCC_WARN_UNINITIALIZED_AUTOS = YES_AGGRESSIVE;
				GCC_WARN_UNUSED_FUNCTION = YES;
				GCC_WARN_UNUSED_VARIABLE = YES;
				IPHONEOS_DEPLOYMENT_TARGET = 9.3;
				MTL_ENABLE_DEBUG_INFO = YES;
				ONLY_ACTIVE_ARCH = YES;
				SDKROOT = iphoneos;
				SWIFT_OPTIMIZATION_LEVEL = "-Onone";
			};
			name = Debug;
		};
		A0ADADB31DA7639A0050315B /* Release */ = {
			isa = XCBuildConfiguration;
			buildSettings = {
				ALWAYS_SEARCH_USER_PATHS = NO;
				CLANG_ANALYZER_NONNULL = YES;
				CLANG_CXX_LANGUAGE_STANDARD = "gnu++0x";
				CLANG_CXX_LIBRARY = "libc++";
				CLANG_ENABLE_MODULES = YES;
				CLANG_ENABLE_OBJC_ARC = YES;
				CLANG_WARN_BOOL_CONVERSION = YES;
				CLANG_WARN_CONSTANT_CONVERSION = YES;
				CLANG_WARN_DIRECT_OBJC_ISA_USAGE = YES_ERROR;
				CLANG_WARN_EMPTY_BODY = YES;
				CLANG_WARN_ENUM_CONVERSION = YES;
				CLANG_WARN_INT_CONVERSION = YES;
				CLANG_WARN_OBJC_ROOT_CLASS = YES_ERROR;
				CLANG_WARN_UNREACHABLE_CODE = YES;
				CLANG_WARN__DUPLICATE_METHOD_MATCH = YES;
				"CODE_SIGN_IDENTITY[sdk=iphoneos*]" = "iPhone Developer";
				COPY_PHASE_STRIP = NO;
				DEBUG_INFORMATION_FORMAT = "dwarf-with-dsym";
				ENABLE_NS_ASSERTIONS = NO;
				ENABLE_STRICT_OBJC_MSGSEND = YES;
				GCC_C_LANGUAGE_STANDARD = gnu99;
				GCC_NO_COMMON_BLOCKS = YES;
				GCC_WARN_64_TO_32_BIT_CONVERSION = YES;
				GCC_WARN_ABOUT_RETURN_TYPE = YES_ERROR;
				GCC_WARN_UNDECLARED_SELECTOR = YES;
				GCC_WARN_UNINITIALIZED_AUTOS = YES_AGGRESSIVE;
				GCC_WARN_UNUSED_FUNCTION = YES;
				GCC_WARN_UNUSED_VARIABLE = YES;
				IPHONEOS_DEPLOYMENT_TARGET = 9.3;
				MTL_ENABLE_DEBUG_INFO = NO;
				SDKROOT = iphoneos;
				VALIDATE_PRODUCT = YES;
			};
			name = Release;
		};
		A0ADADB51DA7639A0050315B /* Debug */ = {
			isa = XCBuildConfiguration;
			buildSettings = {
				ASSETCATALOG_COMPILER_APPICON_NAME = AppIcon;
				INFOPLIST_FILE = shiftView/Info.plist;
				LD_RUNPATH_SEARCH_PATHS = "$(inherited) @executable_path/Frameworks";
				PRODUCT_BUNDLE_IDENTIFIER = com.udacity.shiftView;
				PRODUCT_NAME = "$(TARGET_NAME)";
			};
			name = Debug;
		};
		A0ADADB61DA7639A0050315B /* Release */ = {
			isa = XCBuildConfiguration;
			buildSettings = {
				ASSETCATALOG_COMPILER_APPICON_NAME = AppIcon;
				INFOPLIST_FILE = shiftView/Info.plist;
				LD_RUNPATH_SEARCH_PATHS = "$(inherited) @executable_path/Frameworks";
				PRODUCT_BUNDLE_IDENTIFIER = com.udacity.shiftView;
				PRODUCT_NAME = "$(TARGET_NAME)";
			};
			name = Release;
		};
/* End XCBuildConfiguration section */

/* Begin XCConfigurationList section */
		A0ADAD9D1DA7639A0050315B /* Build configuration list for PBXProject "shiftView" */ = {
			isa = XCConfigurationList;
			buildConfigurations = (
				A0ADADB21DA7639A0050315B /* Debug */,
				A0ADADB31DA7639A0050315B /* Release */,
			);
			defaultConfigurationIsVisible = 0;
			defaultConfigurationName = Release;
		};
		A0ADADB41DA7639A0050315B /* Build configuration list for PBXNativeTarget "shiftView" */ = {
			isa = XCConfigurationList;
			buildConfigurations = (
				A0ADADB51DA7639A0050315B /* Debug */,
				A0ADADB61DA7639A0050315B /* Release */,
			);
			defaultConfigurationIsVisible = 0;
		};
/* End XCConfigurationList section */
	};
	rootObject = A0ADAD9A1DA7639A0050315B /* Project object */;
}
